PODS:
  - Flutter (1.0.0)
  - flutter_inappwebview (0.0.1):
    - Flutter
    - flutter_inappwebview/Core (= 0.0.1)
    - OrderedSet (~> 5.0)
  - flutter_inappwebview/Core (0.0.1):
    - Flutter
    - OrderedSet (~> 5.0)
  - geolocator_apple (1.2.0):
    - Flutter
    - FlutterMacOS
  - integration_test (0.0.1):
    - Flutter
  - OrderedSet (5.0.0)
  - permission_handler_apple (9.1.1):
    - Flutter
  - url_launcher_ios (0.0.1):
    - Flutter
  - visit_flutter_sdk (0.0.1):
    - Flutter

DEPENDENCIES:
  - Flutter (from `Flutter`)
  - flutter_inappwebview (from `.symlinks/plugins/flutter_inappwebview/ios`)
  - geolocator_apple (from `.symlinks/plugins/geolocator_apple/darwin`)
  - integration_test (from `.symlinks/plugins/integration_test/ios`)
  - permission_handler_apple (from `.symlinks/plugins/permission_handler_apple/ios`)
  - url_launcher_ios (from `.symlinks/plugins/url_launcher_ios/ios`)
  - visit_flutter_sdk (from `.symlinks/plugins/visit_flutter_sdk/ios`)

SPEC REPOS:
  trunk:
    - OrderedSet

EXTERNAL SOURCES:
  Flutter:
    :path: Flutter
  flutter_inappwebview:
    :path: ".symlinks/plugins/flutter_inappwebview/ios"
  geolocator_apple:
    :path: ".symlinks/plugins/geolocator_apple/darwin"
  integration_test:
    :path: ".symlinks/plugins/integration_test/ios"
  permission_handler_apple:
    :path: ".symlinks/plugins/permission_handler_apple/ios"
  url_launcher_ios:
    :path: ".symlinks/plugins/url_launcher_ios/ios"
  visit_flutter_sdk:
    :path: ".symlinks/plugins/visit_flutter_sdk/ios"

SPEC CHECKSUMS:
  Flutter: cabc95a1d2626b1b06e7179b784ebcf0c0cde467
  flutter_inappwebview: 180a2f38c18dfbfb8f0c12f7bd42ce02dfd6c765
  geolocator_apple: ab36aa0e8b7d7a2d7639b3b4e48308394e8cef5e
  integration_test: 4a889634ef21a45d28d50d622cf412dc6d9f586e
  OrderedSet: aaeb196f7fef5a9edf55d89760da9176ad40b93c
  permission_handler_apple: 3787117e48f80715ff04a3830ca039283d6a4f29
  url_launcher_ios: 694010445543906933d732453a59da0a173ae33d
  visit_flutter_sdk: 70bc5698c9662507b985f606419824a93a357f96

PODFILE CHECKSUM: 4f1c12611da7338d21589c0b2ecd6bd20b109694

COCOAPODS: 1.16.2
